
Microsoft Visual Studio Solution File, Format Version 12.00
# Visual Studio Version 17
VisualStudioVersion = 17.6.33723.286
MinimumVisualStudioVersion = 10.0.40219.1
Project("{9A19103F-16F7-4668-BE54-9A1E7A4F7556}") = "AprendiendoBlazor", "AprendiendoBlazor\AprendiendoBlazor.csproj", "{455FB8FE-3518-487E-B23C-EBA63FC71FBE}"
EndProject
Project("{FAE04EC0-301F-11D3-BF4B-00C04F79EFBC}") = "FSoft.BlazorLib", "FSoft.BlazorLib\FSoft.BlazorLib.csproj", "{133EBDA0-E8D7-4F7B-A440-A54AAB6E5564}"
EndProject
Global
	GlobalSection(SolutionConfigurationPlatforms) = preSolution
		Debug|Any CPU = Debug|Any CPU
		Release|Any CPU = Release|Any CPU
	EndGlobalSection
	GlobalSection(ProjectConfigurationPlatforms) = postSolution
		{455FB8FE-3518-487E-B23C-EBA63FC71FBE}.Debug|Any CPU.ActiveCfg = Debug|Any CPU
		{455FB8FE-3518-487E-B23C-EBA63FC71FBE}.Debug|Any CPU.Build.0 = Debug|Any CPU
		{455FB8FE-3518-487E-B23C-EBA63FC71FBE}.Release|Any CPU.ActiveCfg = Release|Any CPU
		{455FB8FE-3518-487E-B23C-EBA63FC71FBE}.Release|Any CPU.Build.0 = Release|Any CPU
		{133EBDA0-E8D7-4F7B-A440-A54AAB6E5564}.Debug|Any CPU.ActiveCfg = Debug|Any CPU
		{133EBDA0-E8D7-4F7B-A440-A54AAB6E5564}.Debug|Any CPU.Build.0 = Debug|Any CPU
		{133EBDA0-E8D7-4F7B-A440-A54AAB6E5564}.Release|Any CPU.ActiveCfg = Release|Any CPU
		{133EBDA0-E8D7-4F7B-A440-A54AAB6E5564}.Release|Any CPU.Build.0 = Release|Any CPU
	EndGlobalSection
	GlobalSection(SolutionProperties) = preSolution
		HideSolutionNode = FALSE
	EndGlobalSection
	GlobalSection(ExtensibilityGlobals) = postSolution
		SolutionGuid = {3105F069-9801-4FF8-B893-7FAA164C2303}
	EndGlobalSection
EndGlobal
